
Microsoft Visual Studio Solution File, Format Version 12.00
# Visual Studio Version 17
VisualStudioVersion = 17.0.31903.59
MinimumVisualStudioVersion = 10.0.40219.1
Project("{9A19103F-16F7-4668-BE54-9A1E7A4F7556}") = "OMS.Api.Common", "OMS.Api.Common\OMS.Api.Common.csproj", "{21553EEE-0651-4776-B52A-3FAE2B8FDC45}"
EndProject
Project("{9A19103F-16F7-4668-BE54-9A1E7A4F7556}") = "OMS.Api.Models", "OMS.Api.Models\OMS.Api.Models.csproj", "{32DEFDDD-9A30-419D-B278-C690BD91A020}"
EndProject
Project("{9A19103F-16F7-4668-BE54-9A1E7A4F7556}") = "OMS.Data.Access", "OMS.Data.Access\OMS.Data.Access.csproj", "{8E84EE3E-6115-4C57-B257-9313E4E9F3E3}"
EndProject
Project("{9A19103F-16F7-4668-BE54-9A1E7A4F7556}") = "OMS.Data.Model", "OMS.Data.Model\OMS.Data.Model.csproj", "{F46F5AA8-E147-4AA7-A62D-94516B00240C}"
EndProject
Project("{9A19103F-16F7-4668-BE54-9A1E7A4F7556}") = "OMS.Security", "OMS.Security\OMS.Security.csproj", "{AD0444EB-11EC-4F71-AEC5-8A0E4503951A}"
EndProject
Project("{9A19103F-16F7-4668-BE54-9A1E7A4F7556}") = "OMS.Queries", "OMS.Queries\OMS.Queries.csproj", "{A4060EE3-A9BE-4769-8BE7-4CFFB33D8216}"
EndProject
Project("{9A19103F-16F7-4668-BE54-9A1E7A4F7556}") = "OMSWeb", "OMSWeb\OMSWeb.csproj", "{6807CF8B-1317-4DF2-81FC-BBBCD69D18CB}"
EndProject
Project("{2150E333-8FDC-42A3-9474-1A3956D46DE8}") = "src", "src", "{08B08F54-E9CC-4C0A-87CC-3387796DA536}"
EndProject
Project("{2150E333-8FDC-42A3-9474-1A3956D46DE8}") = "test", "test", "{6962FFE2-1E43-410F-AC14-B7B76C6CCFAA}"
EndProject
Project("{9A19103F-16F7-4668-BE54-9A1E7A4F7556}") = "CategoryQueryTest", "TestProject1\CategoryQueryTest.csproj", "{C9CE967B-FB80-4DC5-A86C-9C805C182DD4}"
EndProject
Project("{FAE04EC0-301F-11D3-BF4B-00C04F79EFBC}") = "ProductQueryTest", "test\ProductQueryTest\ProductQueryTest.csproj", "{8984CC00-4821-49B4-B204-4B796A655FAD}"
EndProject
Project("{FAE04EC0-301F-11D3-BF4B-00C04F79EFBC}") = "OrderQueryTest", "test\OrderQueryTest\OrderQueryTest.csproj", "{3DA357DD-075D-4EF7-B33D-F13FCF7E612E}"
EndProject
Project("{FAE04EC0-301F-11D3-BF4B-00C04F79EFBC}") = "OrderDetailQueryTest", "test\OrderDetailQueryTest\OrderDetailQueryTest.csproj", "{785C3388-4330-45E1-93FE-E3F20873DC65}"
EndProject
Global
	GlobalSection(SolutionConfigurationPlatforms) = preSolution
		Debug|Any CPU = Debug|Any CPU
		Release|Any CPU = Release|Any CPU
	EndGlobalSection
	GlobalSection(ProjectConfigurationPlatforms) = postSolution
		{21553EEE-0651-4776-B52A-3FAE2B8FDC45}.Debug|Any CPU.ActiveCfg = Debug|Any CPU
		{21553EEE-0651-4776-B52A-3FAE2B8FDC45}.Debug|Any CPU.Build.0 = Debug|Any CPU
		{21553EEE-0651-4776-B52A-3FAE2B8FDC45}.Release|Any CPU.ActiveCfg = Release|Any CPU
		{21553EEE-0651-4776-B52A-3FAE2B8FDC45}.Release|Any CPU.Build.0 = Release|Any CPU
		{32DEFDDD-9A30-419D-B278-C690BD91A020}.Debug|Any CPU.ActiveCfg = Debug|Any CPU
		{32DEFDDD-9A30-419D-B278-C690BD91A020}.Debug|Any CPU.Build.0 = Debug|Any CPU
		{32DEFDDD-9A30-419D-B278-C690BD91A020}.Release|Any CPU.ActiveCfg = Release|Any CPU
		{32DEFDDD-9A30-419D-B278-C690BD91A020}.Release|Any CPU.Build.0 = Release|Any CPU
		{8E84EE3E-6115-4C57-B257-9313E4E9F3E3}.Debug|Any CPU.ActiveCfg = Debug|Any CPU
		{8E84EE3E-6115-4C57-B257-9313E4E9F3E3}.Debug|Any CPU.Build.0 = Debug|Any CPU
		{8E84EE3E-6115-4C57-B257-9313E4E9F3E3}.Release|Any CPU.ActiveCfg = Release|Any CPU
		{8E84EE3E-6115-4C57-B257-9313E4E9F3E3}.Release|Any CPU.Build.0 = Release|Any CPU
		{F46F5AA8-E147-4AA7-A62D-94516B00240C}.Debug|Any CPU.ActiveCfg = Debug|Any CPU
		{F46F5AA8-E147-4AA7-A62D-94516B00240C}.Debug|Any CPU.Build.0 = Debug|Any CPU
		{F46F5AA8-E147-4AA7-A62D-94516B00240C}.Release|Any CPU.ActiveCfg = Release|Any CPU
		{F46F5AA8-E147-4AA7-A62D-94516B00240C}.Release|Any CPU.Build.0 = Release|Any CPU
		{AD0444EB-11EC-4F71-AEC5-8A0E4503951A}.Debug|Any CPU.ActiveCfg = Debug|Any CPU
		{AD0444EB-11EC-4F71-AEC5-8A0E4503951A}.Debug|Any CPU.Build.0 = Debug|Any CPU
		{AD0444EB-11EC-4F71-AEC5-8A0E4503951A}.Release|Any CPU.ActiveCfg = Release|Any CPU
		{AD0444EB-11EC-4F71-AEC5-8A0E4503951A}.Release|Any CPU.Build.0 = Release|Any CPU
		{A4060EE3-A9BE-4769-8BE7-4CFFB33D8216}.Debug|Any CPU.ActiveCfg = Debug|Any CPU
		{A4060EE3-A9BE-4769-8BE7-4CFFB33D8216}.Debug|Any CPU.Build.0 = Debug|Any CPU
		{A4060EE3-A9BE-4769-8BE7-4CFFB33D8216}.Release|Any CPU.ActiveCfg = Release|Any CPU
		{A4060EE3-A9BE-4769-8BE7-4CFFB33D8216}.Release|Any CPU.Build.0 = Release|Any CPU
		{6807CF8B-1317-4DF2-81FC-BBBCD69D18CB}.Debug|Any CPU.ActiveCfg = Debug|Any CPU
		{6807CF8B-1317-4DF2-81FC-BBBCD69D18CB}.Debug|Any CPU.Build.0 = Debug|Any CPU
		{6807CF8B-1317-4DF2-81FC-BBBCD69D18CB}.Release|Any CPU.ActiveCfg = Release|Any CPU
		{6807CF8B-1317-4DF2-81FC-BBBCD69D18CB}.Release|Any CPU.Build.0 = Release|Any CPU
		{C9CE967B-FB80-4DC5-A86C-9C805C182DD4}.Debug|Any CPU.ActiveCfg = Debug|Any CPU
		{C9CE967B-FB80-4DC5-A86C-9C805C182DD4}.Debug|Any CPU.Build.0 = Debug|Any CPU
		{C9CE967B-FB80-4DC5-A86C-9C805C182DD4}.Release|Any CPU.ActiveCfg = Release|Any CPU
		{C9CE967B-FB80-4DC5-A86C-9C805C182DD4}.Release|Any CPU.Build.0 = Release|Any CPU
		{8984CC00-4821-49B4-B204-4B796A655FAD}.Debug|Any CPU.ActiveCfg = Debug|Any CPU
		{8984CC00-4821-49B4-B204-4B796A655FAD}.Debug|Any CPU.Build.0 = Debug|Any CPU
		{8984CC00-4821-49B4-B204-4B796A655FAD}.Release|Any CPU.ActiveCfg = Release|Any CPU
		{8984CC00-4821-49B4-B204-4B796A655FAD}.Release|Any CPU.Build.0 = Release|Any CPU
		{3DA357DD-075D-4EF7-B33D-F13FCF7E612E}.Debug|Any CPU.ActiveCfg = Debug|Any CPU
		{3DA357DD-075D-4EF7-B33D-F13FCF7E612E}.Debug|Any CPU.Build.0 = Debug|Any CPU
		{3DA357DD-075D-4EF7-B33D-F13FCF7E612E}.Release|Any CPU.ActiveCfg = Release|Any CPU
		{3DA357DD-075D-4EF7-B33D-F13FCF7E612E}.Release|Any CPU.Build.0 = Release|Any CPU
		{785C3388-4330-45E1-93FE-E3F20873DC65}.Debug|Any CPU.ActiveCfg = Debug|Any CPU
		{785C3388-4330-45E1-93FE-E3F20873DC65}.Debug|Any CPU.Build.0 = Debug|Any CPU
		{785C3388-4330-45E1-93FE-E3F20873DC65}.Release|Any CPU.ActiveCfg = Release|Any CPU
		{785C3388-4330-45E1-93FE-E3F20873DC65}.Release|Any CPU.Build.0 = Release|Any CPU
	EndGlobalSection
	GlobalSection(SolutionProperties) = preSolution
		HideSolutionNode = FALSE
	EndGlobalSection
	GlobalSection(NestedProjects) = preSolution
		{21553EEE-0651-4776-B52A-3FAE2B8FDC45} = {08B08F54-E9CC-4C0A-87CC-3387796DA536}
		{32DEFDDD-9A30-419D-B278-C690BD91A020} = {08B08F54-E9CC-4C0A-87CC-3387796DA536}
		{8E84EE3E-6115-4C57-B257-9313E4E9F3E3} = {08B08F54-E9CC-4C0A-87CC-3387796DA536}
		{F46F5AA8-E147-4AA7-A62D-94516B00240C} = {08B08F54-E9CC-4C0A-87CC-3387796DA536}
		{AD0444EB-11EC-4F71-AEC5-8A0E4503951A} = {08B08F54-E9CC-4C0A-87CC-3387796DA536}
		{A4060EE3-A9BE-4769-8BE7-4CFFB33D8216} = {08B08F54-E9CC-4C0A-87CC-3387796DA536}
		{6807CF8B-1317-4DF2-81FC-BBBCD69D18CB} = {08B08F54-E9CC-4C0A-87CC-3387796DA536}
		{C9CE967B-FB80-4DC5-A86C-9C805C182DD4} = {6962FFE2-1E43-410F-AC14-B7B76C6CCFAA}
		{8984CC00-4821-49B4-B204-4B796A655FAD} = {6962FFE2-1E43-410F-AC14-B7B76C6CCFAA}
		{3DA357DD-075D-4EF7-B33D-F13FCF7E612E} = {6962FFE2-1E43-410F-AC14-B7B76C6CCFAA}
		{785C3388-4330-45E1-93FE-E3F20873DC65} = {6962FFE2-1E43-410F-AC14-B7B76C6CCFAA}
	EndGlobalSection
	GlobalSection(ExtensibilityGlobals) = postSolution
		SolutionGuid = {379924F2-B103-4BEB-BA28-AF9164F0035B}
	EndGlobalSection
EndGlobal
