
Microsoft Visual Studio Solution File, Format Version 12.00
# Visual Studio Version 17
VisualStudioVersion = 17.0.31903.59
MinimumVisualStudioVersion = 10.0.40219.1
Project("{2150E333-8FDC-42A3-9474-1A3956D46DE8}") = "test", "test", "{6962FFE2-1E43-410F-AC14-B7B76C6CCFAA}"
EndProject
Project("{9A19103F-16F7-4668-BE54-9A1E7A4F7556}") = "ProductQueryTest", "test\ProductQueryTest\ProductQueryTest.csproj", "{8984CC00-4821-49B4-B204-4B796A655FAD}"
EndProject
Project("{9A19103F-16F7-4668-BE54-9A1E7A4F7556}") = "OrderQueryTest", "test\OrderQueryTest\OrderQueryTest.csproj", "{3DA357DD-075D-4EF7-B33D-F13FCF7E612E}"
EndProject
Project("{9A19103F-16F7-4668-BE54-9A1E7A4F7556}") = "OrderDetailQueryTest", "test\OrderDetailQueryTest\OrderDetailQueryTest.csproj", "{785C3388-4330-45E1-93FE-E3F20873DC65}"
EndProject
Project("{9A19103F-16F7-4668-BE54-9A1E7A4F7556}") = "CategoryQueryTest", "test\CategoryQueryTest\CategoryQueryTest.csproj", "{E3B5042D-C58C-4F43-A239-F3EA99E30582}"
EndProject
Project("{2150E333-8FDC-42A3-9474-1A3956D46DE8}") = "src", "src", "{ED7FC4BB-8DA3-4CB1-AAE7-3D21B1CF0B4E}"
EndProject
Project("{9A19103F-16F7-4668-BE54-9A1E7A4F7556}") = "OMS.Api.Common", "src\OMS.Api.Common\OMS.Api.Common.csproj", "{70B5A938-4154-4398-AEBC-6ECCE54EC02A}"
EndProject
Project("{9A19103F-16F7-4668-BE54-9A1E7A4F7556}") = "OMS.Api.Models", "src\OMS.Api.Models\OMS.Api.Models.csproj", "{DB35BA00-21F4-448F-B4FB-79F84FEEF84D}"
EndProject
Project("{9A19103F-16F7-4668-BE54-9A1E7A4F7556}") = "OMS.Data.Access", "src\OMS.Data.Access\OMS.Data.Access.csproj", "{9F253DC3-68E8-4FE9-81A6-CD1AFA001C6B}"
EndProject
Project("{9A19103F-16F7-4668-BE54-9A1E7A4F7556}") = "OMS.Data.Model", "src\OMS.Data.Model\OMS.Data.Model.csproj", "{1D4A6007-24A9-4FFA-8C43-4962D1579746}"
EndProject
Project("{9A19103F-16F7-4668-BE54-9A1E7A4F7556}") = "OMS.Queries", "src\OMS.Queries\OMS.Queries.csproj", "{B274698E-C9A1-461C-BCD5-94EE0DEF6D8D}"
EndProject
Project("{9A19103F-16F7-4668-BE54-9A1E7A4F7556}") = "OMS.Security", "src\OMS.Security\OMS.Security.csproj", "{FD6C33E2-184F-45C3-A058-B9C81CE9D708}"
EndProject
Project("{9A19103F-16F7-4668-BE54-9A1E7A4F7556}") = "OMSWeb", "src\OMSWeb\OMSWeb.csproj", "{CEC28C51-DC04-4D05-8DBD-502B30CD75E4}"
EndProject
Global
	GlobalSection(SolutionConfigurationPlatforms) = preSolution
		Debug|Any CPU = Debug|Any CPU
		Release|Any CPU = Release|Any CPU
	EndGlobalSection
	GlobalSection(ProjectConfigurationPlatforms) = postSolution
		{8984CC00-4821-49B4-B204-4B796A655FAD}.Debug|Any CPU.ActiveCfg = Debug|Any CPU
		{8984CC00-4821-49B4-B204-4B796A655FAD}.Debug|Any CPU.Build.0 = Debug|Any CPU
		{8984CC00-4821-49B4-B204-4B796A655FAD}.Release|Any CPU.ActiveCfg = Release|Any CPU
		{8984CC00-4821-49B4-B204-4B796A655FAD}.Release|Any CPU.Build.0 = Release|Any CPU
		{3DA357DD-075D-4EF7-B33D-F13FCF7E612E}.Debug|Any CPU.ActiveCfg = Debug|Any CPU
		{3DA357DD-075D-4EF7-B33D-F13FCF7E612E}.Debug|Any CPU.Build.0 = Debug|Any CPU
		{3DA357DD-075D-4EF7-B33D-F13FCF7E612E}.Release|Any CPU.ActiveCfg = Release|Any CPU
		{3DA357DD-075D-4EF7-B33D-F13FCF7E612E}.Release|Any CPU.Build.0 = Release|Any CPU
		{785C3388-4330-45E1-93FE-E3F20873DC65}.Debug|Any CPU.ActiveCfg = Debug|Any CPU
		{785C3388-4330-45E1-93FE-E3F20873DC65}.Debug|Any CPU.Build.0 = Debug|Any CPU
		{785C3388-4330-45E1-93FE-E3F20873DC65}.Release|Any CPU.ActiveCfg = Release|Any CPU
		{785C3388-4330-45E1-93FE-E3F20873DC65}.Release|Any CPU.Build.0 = Release|Any CPU
		{E3B5042D-C58C-4F43-A239-F3EA99E30582}.Debug|Any CPU.ActiveCfg = Debug|Any CPU
		{E3B5042D-C58C-4F43-A239-F3EA99E30582}.Debug|Any CPU.Build.0 = Debug|Any CPU
		{E3B5042D-C58C-4F43-A239-F3EA99E30582}.Release|Any CPU.ActiveCfg = Release|Any CPU
		{E3B5042D-C58C-4F43-A239-F3EA99E30582}.Release|Any CPU.Build.0 = Release|Any CPU
		{70B5A938-4154-4398-AEBC-6ECCE54EC02A}.Debug|Any CPU.ActiveCfg = Debug|Any CPU
		{70B5A938-4154-4398-AEBC-6ECCE54EC02A}.Debug|Any CPU.Build.0 = Debug|Any CPU
		{70B5A938-4154-4398-AEBC-6ECCE54EC02A}.Release|Any CPU.ActiveCfg = Release|Any CPU
		{70B5A938-4154-4398-AEBC-6ECCE54EC02A}.Release|Any CPU.Build.0 = Release|Any CPU
		{DB35BA00-21F4-448F-B4FB-79F84FEEF84D}.Debug|Any CPU.ActiveCfg = Debug|Any CPU
		{DB35BA00-21F4-448F-B4FB-79F84FEEF84D}.Debug|Any CPU.Build.0 = Debug|Any CPU
		{DB35BA00-21F4-448F-B4FB-79F84FEEF84D}.Release|Any CPU.ActiveCfg = Release|Any CPU
		{DB35BA00-21F4-448F-B4FB-79F84FEEF84D}.Release|Any CPU.Build.0 = Release|Any CPU
		{9F253DC3-68E8-4FE9-81A6-CD1AFA001C6B}.Debug|Any CPU.ActiveCfg = Debug|Any CPU
		{9F253DC3-68E8-4FE9-81A6-CD1AFA001C6B}.Debug|Any CPU.Build.0 = Debug|Any CPU
		{9F253DC3-68E8-4FE9-81A6-CD1AFA001C6B}.Release|Any CPU.ActiveCfg = Release|Any CPU
		{9F253DC3-68E8-4FE9-81A6-CD1AFA001C6B}.Release|Any CPU.Build.0 = Release|Any CPU
		{1D4A6007-24A9-4FFA-8C43-4962D1579746}.Debug|Any CPU.ActiveCfg = Debug|Any CPU
		{1D4A6007-24A9-4FFA-8C43-4962D1579746}.Debug|Any CPU.Build.0 = Debug|Any CPU
		{1D4A6007-24A9-4FFA-8C43-4962D1579746}.Release|Any CPU.ActiveCfg = Release|Any CPU
		{1D4A6007-24A9-4FFA-8C43-4962D1579746}.Release|Any CPU.Build.0 = Release|Any CPU
		{B274698E-C9A1-461C-BCD5-94EE0DEF6D8D}.Debug|Any CPU.ActiveCfg = Debug|Any CPU
		{B274698E-C9A1-461C-BCD5-94EE0DEF6D8D}.Debug|Any CPU.Build.0 = Debug|Any CPU
		{B274698E-C9A1-461C-BCD5-94EE0DEF6D8D}.Release|Any CPU.ActiveCfg = Release|Any CPU
		{B274698E-C9A1-461C-BCD5-94EE0DEF6D8D}.Release|Any CPU.Build.0 = Release|Any CPU
		{FD6C33E2-184F-45C3-A058-B9C81CE9D708}.Debug|Any CPU.ActiveCfg = Debug|Any CPU
		{FD6C33E2-184F-45C3-A058-B9C81CE9D708}.Debug|Any CPU.Build.0 = Debug|Any CPU
		{FD6C33E2-184F-45C3-A058-B9C81CE9D708}.Release|Any CPU.ActiveCfg = Release|Any CPU
		{FD6C33E2-184F-45C3-A058-B9C81CE9D708}.Release|Any CPU.Build.0 = Release|Any CPU
		{CEC28C51-DC04-4D05-8DBD-502B30CD75E4}.Debug|Any CPU.ActiveCfg = Debug|Any CPU
		{CEC28C51-DC04-4D05-8DBD-502B30CD75E4}.Debug|Any CPU.Build.0 = Debug|Any CPU
		{CEC28C51-DC04-4D05-8DBD-502B30CD75E4}.Release|Any CPU.ActiveCfg = Release|Any CPU
		{CEC28C51-DC04-4D05-8DBD-502B30CD75E4}.Release|Any CPU.Build.0 = Release|Any CPU
	EndGlobalSection
	GlobalSection(SolutionProperties) = preSolution
		HideSolutionNode = FALSE
	EndGlobalSection
	GlobalSection(NestedProjects) = preSolution
		{8984CC00-4821-49B4-B204-4B796A655FAD} = {6962FFE2-1E43-410F-AC14-B7B76C6CCFAA}
		{3DA357DD-075D-4EF7-B33D-F13FCF7E612E} = {6962FFE2-1E43-410F-AC14-B7B76C6CCFAA}
		{785C3388-4330-45E1-93FE-E3F20873DC65} = {6962FFE2-1E43-410F-AC14-B7B76C6CCFAA}
		{E3B5042D-C58C-4F43-A239-F3EA99E30582} = {6962FFE2-1E43-410F-AC14-B7B76C6CCFAA}
		{70B5A938-4154-4398-AEBC-6ECCE54EC02A} = {ED7FC4BB-8DA3-4CB1-AAE7-3D21B1CF0B4E}
		{DB35BA00-21F4-448F-B4FB-79F84FEEF84D} = {ED7FC4BB-8DA3-4CB1-AAE7-3D21B1CF0B4E}
		{9F253DC3-68E8-4FE9-81A6-CD1AFA001C6B} = {ED7FC4BB-8DA3-4CB1-AAE7-3D21B1CF0B4E}
		{1D4A6007-24A9-4FFA-8C43-4962D1579746} = {ED7FC4BB-8DA3-4CB1-AAE7-3D21B1CF0B4E}
		{B274698E-C9A1-461C-BCD5-94EE0DEF6D8D} = {ED7FC4BB-8DA3-4CB1-AAE7-3D21B1CF0B4E}
		{FD6C33E2-184F-45C3-A058-B9C81CE9D708} = {ED7FC4BB-8DA3-4CB1-AAE7-3D21B1CF0B4E}
		{CEC28C51-DC04-4D05-8DBD-502B30CD75E4} = {ED7FC4BB-8DA3-4CB1-AAE7-3D21B1CF0B4E}
	EndGlobalSection
	GlobalSection(ExtensibilityGlobals) = postSolution
		SolutionGuid = {379924F2-B103-4BEB-BA28-AF9164F0035B}
	EndGlobalSection
EndGlobal
